
Microsoft Visual Studio Solution File, Format Version 12.00
# Visual Studio Version 16
VisualStudioVersion = 16.0.31321.278
MinimumVisualStudioVersion = 10.0.40219.1
Project("{FAE04EC0-301F-11D3-BF4B-00C04F79EFBC}") = "JuhaszIstvan_Mz60", "JuhaszIstvan_Mz60\JuhaszIstvan_Mz60.csproj", "{EA4F448B-FF2A-4FFC-90A7-9B7E38914D5D}"
EndProject
Global
	GlobalSection(SolutionConfigurationPlatforms) = preSolution
		Debug|Any CPU = Debug|Any CPU
		Release|Any CPU = Release|Any CPU
	EndGlobalSection
	GlobalSection(ProjectConfigurationPlatforms) = postSolution
		{EA4F448B-FF2A-4FFC-90A7-9B7E38914D5D}.Debug|Any CPU.ActiveCfg = Debug|Any CPU
		{EA4F448B-FF2A-4FFC-90A7-9B7E38914D5D}.Debug|Any CPU.Build.0 = Debug|Any CPU
		{EA4F448B-FF2A-4FFC-90A7-9B7E38914D5D}.Release|Any CPU.ActiveCfg = Release|Any CPU
		{EA4F448B-FF2A-4FFC-90A7-9B7E38914D5D}.Release|Any CPU.Build.0 = Release|Any CPU
	EndGlobalSection
	GlobalSection(SolutionProperties) = preSolution
		HideSolutionNode = FALSE
	EndGlobalSection
	GlobalSection(ExtensibilityGlobals) = postSolution
		SolutionGuid = {5EE0C7AB-AA6E-4A87-B0EA-3997FB6750AF}
	EndGlobalSection
EndGlobal
